// !$*UTF8*$!
{
	archiveVersion = 1;
	classes = {
	};
	objectVersion = 46;
	objects = {

/* Begin PBXBuildFile section */
		D50CB6BC1AFB2A4500CA9558 /* gameStart.jpg in Resources */ = {isa = PBXBuildFile; fileRef = D50CB6BB1AFB2A4500CA9558 /* gameStart.jpg */; };
		D51A28141AFBDC5300500F76 /* bg14.png in Resources */ = {isa = PBXBuildFile; fileRef = D51A280E1AFBDC5300500F76 /* bg14.png */; };
		D51A28151AFBDC5300500F76 /* coinParticle.sks in Resources */ = {isa = PBXBuildFile; fileRef = D51A280F1AFBDC5300500F76 /* coinParticle.sks */; };
		D51A28161AFBDC5300500F76 /* homeScene.swift in Sources */ = {isa = PBXBuildFile; fileRef = D51A28101AFBDC5300500F76 /* homeScene.swift */; };
		D51A28181AFBDC5300500F76 /* player.swift in Sources */ = {isa = PBXBuildFile; fileRef = D51A28121AFBDC5300500F76 /* player.swift */; };
		D52A99661AFB365D00DA0BF3 /* logoCar.png in Resources */ = {isa = PBXBuildFile; fileRef = D52A99651AFB365D00DA0BF3 /* logoCar.png */; };
		D52A99681AFB37C500DA0BF3 /* instructionScene.swift in Sources */ = {isa = PBXBuildFile; fileRef = D52A99671AFB37C500DA0BF3 /* instructionScene.swift */; };
		D52A996A1AFB3EB900DA0BF3 /* scene.swift in Sources */ = {isa = PBXBuildFile; fileRef = D52A99691AFB3EB900DA0BF3 /* scene.swift */; };
		D52A996C1AFB3FAB00DA0BF3 /* spaceShuttle.png in Resources */ = {isa = PBXBuildFile; fileRef = D52A996B1AFB3FAB00DA0BF3 /* spaceShuttle.png */; };
		D52A99701AFB46BF00DA0BF3 /* enemyshuttle.png in Resources */ = {isa = PBXBuildFile; fileRef = D52A996F1AFB46BF00DA0BF3 /* enemyshuttle.png */; };
		D52A99741AFB493F00DA0BF3 /* GameScene2.swift in Sources */ = {isa = PBXBuildFile; fileRef = D52A99731AFB493F00DA0BF3 /* GameScene2.swift */; };
		D52A99781AFB4D6F00DA0BF3 /* clink_sound.mp3 in Resources */ = {isa = PBXBuildFile; fileRef = D52A99771AFB4D6F00DA0BF3 /* clink_sound.mp3 */; };
		D542EFCD1ADD905700C4D3CA /* MyParticle.sks in Resources */ = {isa = PBXBuildFile; fileRef = D542EFCB1ADD905700C4D3CA /* MyParticle.sks */; };
		D542EFCE1ADD905700C4D3CA /* spark.png in Resources */ = {isa = PBXBuildFile; fileRef = D542EFCC1ADD905700C4D3CA /* spark.png */; };
		D542EFFC1AE78CC400C4D3CA /* play.png in Resources */ = {isa = PBXBuildFile; fileRef = D542EFFB1AE78CC400C4D3CA /* play.png */; };
		D542F0001AE78D1000C4D3CA /* pause.png in Resources */ = {isa = PBXBuildFile; fileRef = D542EFFD1AE78D1000C4D3CA /* pause.png */; };
		D542F0011AE78D1000C4D3CA /* music.png in Resources */ = {isa = PBXBuildFile; fileRef = D542EFFE1AE78D1000C4D3CA /* music.png */; };
		D542F0021AE78D1000C4D3CA /* nomusic.png in Resources */ = {isa = PBXBuildFile; fileRef = D542EFFF1AE78D1000C4D3CA /* nomusic.png */; };
		D542F7AA1AE8428C001BFD5A /* reload.png in Resources */ = {isa = PBXBuildFile; fileRef = D542F7A91AE8428C001BFD5A /* reload.png */; };
		D542F7AC1AE853E3001BFD5A /* ememy.png in Resources */ = {isa = PBXBuildFile; fileRef = D542F7AB1AE853E3001BFD5A /* ememy.png */; };
		D542F7AE1AE853F7001BFD5A /* car.png in Resources */ = {isa = PBXBuildFile; fileRef = D542F7AD1AE853F7001BFD5A /* car.png */; };
		D548175D1AE86C21008CD2D7 /* boom.m4a in Resources */ = {isa = PBXBuildFile; fileRef = D548175C1AE86C21008CD2D7 /* boom.m4a */; };
		D556A3921AE8ABA700B39F6E /* bounty1.png in Resources */ = {isa = PBXBuildFile; fileRef = D556A3911AE8ABA700B39F6E /* bounty1.png */; };
		D56A419A1AD63E0B009CF423 /* AppDelegate.swift in Sources */ = {isa = PBXBuildFile; fileRef = D56A41991AD63E0B009CF423 /* AppDelegate.swift */; };
		D56A419C1AD63E0B009CF423 /* GameScene.sks in Resources */ = {isa = PBXBuildFile; fileRef = D56A419B1AD63E0B009CF423 /* GameScene.sks */; };
		D56A419E1AD63E0B009CF423 /* GameScene.swift in Sources */ = {isa = PBXBuildFile; fileRef = D56A419D1AD63E0B009CF423 /* GameScene.swift */; };
		D56A41A01AD63E0C009CF423 /* GameViewController.swift in Sources */ = {isa = PBXBuildFile; fileRef = D56A419F1AD63E0C009CF423 /* GameViewController.swift */; };
		D56A41A31AD63E0C009CF423 /* Main.storyboard in Resources */ = {isa = PBXBuildFile; fileRef = D56A41A11AD63E0C009CF423 /* Main.storyboard */; };
		D56A41A51AD63E0C009CF423 /* Images.xcassets in Resources */ = {isa = PBXBuildFile; fileRef = D56A41A41AD63E0C009CF423 /* Images.xcassets */; };
		D56A41A81AD63E0C009CF423 /* LaunchScreen.xib in Resources */ = {isa = PBXBuildFile; fileRef = D56A41A61AD63E0C009CF423 /* LaunchScreen.xib */; };
		D56A41B41AD63E0C009CF423 /* RoadGameTests.swift in Sources */ = {isa = PBXBuildFile; fileRef = D56A41B31AD63E0C009CF423 /* RoadGameTests.swift */; };
		D56A41C41AD6419E009CF423 /* bgmusic.mp3 in Resources */ = {isa = PBXBuildFile; fileRef = D56A41C31AD6419E009CF423 /* bgmusic.mp3 */; };
		D5AEC8861AF9F49900E86650 /* highestScore.swift in Sources */ = {isa = PBXBuildFile; fileRef = D5AEC8851AF9F49900E86650 /* highestScore.swift */; };
		D5AEC8881AF9F7C800E86650 /* exit.jpg in Resources */ = {isa = PBXBuildFile; fileRef = D5AEC8871AF9F7C800E86650 /* exit.jpg */; };
		D5F7F0A21AFFF74B008DD6B3 /* space.png in Resources */ = {isa = PBXBuildFile; fileRef = D5F7F0A11AFFF74B008DD6B3 /* space.png */; };
		D5F7F0A41AFFFB06008DD6B3 /* starbounty.png in Resources */ = {isa = PBXBuildFile; fileRef = D5F7F0A31AFFFB06008DD6B3 /* starbounty.png */; };
		D5F7F0A61AFFFC34008DD6B3 /* magicMyParticle.sks in Resources */ = {isa = PBXBuildFile; fileRef = D5F7F0A51AFFFC34008DD6B3 /* magicMyParticle.sks */; };
		D5F7F0A81B003B06008DD6B3 /* applause.wav in Resources */ = {isa = PBXBuildFile; fileRef = D5F7F0A71B003B06008DD6B3 /* applause.wav */; };
/* End PBXBuildFile section */

/* Begin PBXContainerItemProxy section */
		D56A41AE1AD63E0C009CF423 /* PBXContainerItemProxy */ = {
			isa = PBXContainerItemProxy;
			containerPortal = D56A418C1AD63E0B009CF423 /* Project object */;
			proxyType = 1;
			remoteGlobalIDString = D56A41931AD63E0B009CF423;
			remoteInfo = RoadGame;
		};
/* End PBXContainerItemProxy section */

/* Begin PBXFileReference section */
		D50CB6BB1AFB2A4500CA9558 /* gameStart.jpg */ = {isa = PBXFileReference; lastKnownFileType = image.jpeg; path = gameStart.jpg; sourceTree = "<group>"; };
		D51A280E1AFBDC5300500F76 /* bg14.png */ = {isa = PBXFileReference; lastKnownFileType = image.png; path = bg14.png; sourceTree = "<group>"; };
		D51A280F1AFBDC5300500F76 /* coinParticle.sks */ = {isa = PBXFileReference; lastKnownFileType = file.sks; path = coinParticle.sks; sourceTree = "<group>"; };
		D51A28101AFBDC5300500F76 /* homeScene.swift */ = {isa = PBXFileReference; fileEncoding = 4; lastKnownFileType = sourcecode.swift; path = homeScene.swift; sourceTree = "<group>"; };
		D51A28121AFBDC5300500F76 /* player.swift */ = {isa = PBXFileReference; fileEncoding = 4; lastKnownFileType = sourcecode.swift; path = player.swift; sourceTree = "<group>"; };
		D52A99651AFB365D00DA0BF3 /* logoCar.png */ = {isa = PBXFileReference; lastKnownFileType = image.png; path = logoCar.png; sourceTree = "<group>"; };
		D52A99671AFB37C500DA0BF3 /* instructionScene.swift */ = {isa = PBXFileReference; fileEncoding = 4; lastKnownFileType = sourcecode.swift; path = instructionScene.swift; sourceTree = "<group>"; };
		D52A99691AFB3EB900DA0BF3 /* scene.swift */ = {isa = PBXFileReference; fileEncoding = 4; lastKnownFileType = sourcecode.swift; path = scene.swift; sourceTree = "<group>"; };
		D52A996B1AFB3FAB00DA0BF3 /* spaceShuttle.png */ = {isa = PBXFileReference; lastKnownFileType = image.png; path = spaceShuttle.png; sourceTree = "<group>"; };
		D52A996F1AFB46BF00DA0BF3 /* enemyshuttle.png */ = {isa = PBXFileReference; lastKnownFileType = image.png; path = enemyshuttle.png; sourceTree = "<group>"; };
		D52A99731AFB493F00DA0BF3 /* GameScene2.swift */ = {isa = PBXFileReference; fileEncoding = 4; lastKnownFileType = sourcecode.swift; path = GameScene2.swift; sourceTree = "<group>"; };
		D52A99771AFB4D6F00DA0BF3 /* clink_sound.mp3 */ = {isa = PBXFileReference; lastKnownFileType = audio.mp3; path = clink_sound.mp3; sourceTree = "<group>"; };
		D542EFCB1ADD905700C4D3CA /* MyParticle.sks */ = {isa = PBXFileReference; lastKnownFileType = file.sks; path = MyParticle.sks; sourceTree = "<group>"; };
		D542EFCC1ADD905700C4D3CA /* spark.png */ = {isa = PBXFileReference; lastKnownFileType = image.png; path = spark.png; sourceTree = "<group>"; };
		D542EFFB1AE78CC400C4D3CA /* play.png */ = {isa = PBXFileReference; lastKnownFileType = image.png; path = play.png; sourceTree = "<group>"; };
		D542EFFD1AE78D1000C4D3CA /* pause.png */ = {isa = PBXFileReference; lastKnownFileType = image.png; path = pause.png; sourceTree = "<group>"; };
		D542EFFE1AE78D1000C4D3CA /* music.png */ = {isa = PBXFileReference; lastKnownFileType = image.png; path = music.png; sourceTree = "<group>"; };
		D542EFFF1AE78D1000C4D3CA /* nomusic.png */ = {isa = PBXFileReference; lastKnownFileType = image.png; path = nomusic.png; sourceTree = "<group>"; };
		D542F7A91AE8428C001BFD5A /* reload.png */ = {isa = PBXFileReference; lastKnownFileType = image.png; path = reload.png; sourceTree = "<group>"; };
		D542F7AB1AE853E3001BFD5A /* ememy.png */ = {isa = PBXFileReference; lastKnownFileType = image.png; path = ememy.png; sourceTree = "<group>"; };
		D542F7AD1AE853F7001BFD5A /* car.png */ = {isa = PBXFileReference; lastKnownFileType = image.png; path = car.png; sourceTree = "<group>"; };
		D548175C1AE86C21008CD2D7 /* boom.m4a */ = {isa = PBXFileReference; lastKnownFileType = file; path = boom.m4a; sourceTree = "<group>"; };
		D556A3911AE8ABA700B39F6E /* bounty1.png */ = {isa = PBXFileReference; lastKnownFileType = image.png; path = bounty1.png; sourceTree = "<group>"; };
		D56A41941AD63E0B009CF423 /* RoadGame.app */ = {isa = PBXFileReference; explicitFileType = wrapper.application; includeInIndex = 0; path = RoadGame.app; sourceTree = BUILT_PRODUCTS_DIR; };
		D56A41981AD63E0B009CF423 /* Info.plist */ = {isa = PBXFileReference; lastKnownFileType = text.plist.xml; path = Info.plist; sourceTree = "<group>"; };
		D56A41991AD63E0B009CF423 /* AppDelegate.swift */ = {isa = PBXFileReference; lastKnownFileType = sourcecode.swift; path = AppDelegate.swift; sourceTree = "<group>"; };
		D56A419B1AD63E0B009CF423 /* GameScene.sks */ = {isa = PBXFileReference; lastKnownFileType = file.sks; path = GameScene.sks; sourceTree = "<group>"; };
		D56A419D1AD63E0B009CF423 /* GameScene.swift */ = {isa = PBXFileReference; lastKnownFileType = sourcecode.swift; path = GameScene.swift; sourceTree = "<group>"; };
		D56A419F1AD63E0C009CF423 /* GameViewController.swift */ = {isa = PBXFileReference; lastKnownFileType = sourcecode.swift; path = GameViewController.swift; sourceTree = "<group>"; };
		D56A41A21AD63E0C009CF423 /* Base */ = {isa = PBXFileReference; lastKnownFileType = file.storyboard; name = Base; path = Base.lproj/Main.storyboard; sourceTree = "<group>"; };
		D56A41A41AD63E0C009CF423 /* Images.xcassets */ = {isa = PBXFileReference; lastKnownFileType = folder.assetcatalog; path = Images.xcassets; sourceTree = "<group>"; };
		D56A41A71AD63E0C009CF423 /* Base */ = {isa = PBXFileReference; lastKnownFileType = file.xib; name = Base; path = Base.lproj/LaunchScreen.xib; sourceTree = "<group>"; };
		D56A41AD1AD63E0C009CF423 /* RoadGameTests.xctest */ = {isa = PBXFileReference; explicitFileType = wrapper.cfbundle; includeInIndex = 0; path = RoadGameTests.xctest; sourceTree = BUILT_PRODUCTS_DIR; };
		D56A41B21AD63E0C009CF423 /* Info.plist */ = {isa = PBXFileReference; lastKnownFileType = text.plist.xml; path = Info.plist; sourceTree = "<group>"; };
		D56A41B31AD63E0C009CF423 /* RoadGameTests.swift */ = {isa = PBXFileReference; lastKnownFileType = sourcecode.swift; path = RoadGameTests.swift; sourceTree = "<group>"; };
		D56A41C31AD6419E009CF423 /* bgmusic.mp3 */ = {isa = PBXFileReference; lastKnownFileType = audio.mp3; path = bgmusic.mp3; sourceTree = "<group>"; };
		D5AEC8851AF9F49900E86650 /* highestScore.swift */ = {isa = PBXFileReference; fileEncoding = 4; lastKnownFileType = sourcecode.swift; path = highestScore.swift; sourceTree = "<group>"; };
		D5AEC8871AF9F7C800E86650 /* exit.jpg */ = {isa = PBXFileReference; lastKnownFileType = image.jpeg; path = exit.jpg; sourceTree = "<group>"; };
		D5F7F0A11AFFF74B008DD6B3 /* space.png */ = {isa = PBXFileReference; lastKnownFileType = image.png; path = space.png; sourceTree = "<group>"; };
		D5F7F0A31AFFFB06008DD6B3 /* starbounty.png */ = {isa = PBXFileReference; lastKnownFileType = image.png; path = starbounty.png; sourceTree = "<group>"; };
		D5F7F0A51AFFFC34008DD6B3 /* magicMyParticle.sks */ = {isa = PBXFileReference; lastKnownFileType = file.sks; path = magicMyParticle.sks; sourceTree = "<group>"; };
		D5F7F0A71B003B06008DD6B3 /* applause.wav */ = {isa = PBXFileReference; lastKnownFileType = audio.wav; path = applause.wav; sourceTree = "<group>"; };
/* End PBXFileReference section */

/* Begin PBXFrameworksBuildPhase section */
		D56A41911AD63E0B009CF423 /* Frameworks */ = {
			isa = PBXFrameworksBuildPhase;
			buildActionMask = 2147483647;
			files = (
			);
			runOnlyForDeploymentPostprocessing = 0;
		};
		D56A41AA1AD63E0C009CF423 /* Frameworks */ = {
			isa = PBXFrameworksBuildPhase;
			buildActionMask = 2147483647;
			files = (
			);
			runOnlyForDeploymentPostprocessing = 0;
		};
/* End PBXFrameworksBuildPhase section */

/* Begin PBXGroup section */
		D51960031B0044CE00402255 /* images */ = {
			isa = PBXGroup;
			children = (
				D51A280E1AFBDC5300500F76 /* bg14.png */,
				D52A996B1AFB3FAB00DA0BF3 /* spaceShuttle.png */,
				D52A996F1AFB46BF00DA0BF3 /* enemyshuttle.png */,
				D542F7AD1AE853F7001BFD5A /* car.png */,
				D5AEC8871AF9F7C800E86650 /* exit.jpg */,
				D542F7A91AE8428C001BFD5A /* reload.png */,
				D542F7AB1AE853E3001BFD5A /* ememy.png */,
				D50CB6BB1AFB2A4500CA9558 /* gameStart.jpg */,
				D556A3911AE8ABA700B39F6E /* bounty1.png */,
				D542EFFB1AE78CC400C4D3CA /* play.png */,
				D542EFCC1ADD905700C4D3CA /* spark.png */,
				D542EFFD1AE78D1000C4D3CA /* pause.png */,
				D542EFFE1AE78D1000C4D3CA /* music.png */,
				D542EFFF1AE78D1000C4D3CA /* nomusic.png */,
				D52A99651AFB365D00DA0BF3 /* logoCar.png */,
				D5F7F0A11AFFF74B008DD6B3 /* space.png */,
				D5F7F0A31AFFFB06008DD6B3 /* starbounty.png */,
			);
			name = images;
			sourceTree = "<group>";
		};
		D51960041B00454B00402255 /* music files */ = {
			isa = PBXGroup;
			children = (
				D5F7F0A71B003B06008DD6B3 /* applause.wav */,
				D52A99771AFB4D6F00DA0BF3 /* clink_sound.mp3 */,
				D548175C1AE86C21008CD2D7 /* boom.m4a */,
				D56A41C31AD6419E009CF423 /* bgmusic.mp3 */,
			);
			name = "music files";
			sourceTree = "<group>";
		};
		D51960051B00456700402255 /* particle files */ = {
			isa = PBXGroup;
			children = (
				D5F7F0A51AFFFC34008DD6B3 /* magicMyParticle.sks */,
				D542EFCB1ADD905700C4D3CA /* MyParticle.sks */,
				D56A419B1AD63E0B009CF423 /* GameScene.sks */,
				D51A280F1AFBDC5300500F76 /* coinParticle.sks */,
			);
			name = "particle files";
			sourceTree = "<group>";
		};
		D56A418B1AD63E0B009CF423 = {
			isa = PBXGroup;
			children = (
				D56A41961AD63E0B009CF423 /* RoadGame */,
				D56A41B01AD63E0C009CF423 /* RoadGameTests */,
				D56A41951AD63E0B009CF423 /* Products */,
			);
			sourceTree = "<group>";
		};
		D56A41951AD63E0B009CF423 /* Products */ = {
			isa = PBXGroup;
			children = (
				D56A41941AD63E0B009CF423 /* RoadGame.app */,
				D56A41AD1AD63E0C009CF423 /* RoadGameTests.xctest */,
			);
			name = Products;
			sourceTree = "<group>";
		};
		D56A41961AD63E0B009CF423 /* RoadGame */ = {
			isa = PBXGroup;
			children = (
				D51960051B00456700402255 /* particle files */,
				D51960041B00454B00402255 /* music files */,
				D51960031B0044CE00402255 /* images */,
				D51A28101AFBDC5300500F76 /* homeScene.swift */,
				D51A28121AFBDC5300500F76 /* player.swift */,
				D56A41991AD63E0B009CF423 /* AppDelegate.swift */,
				D56A419D1AD63E0B009CF423 /* GameScene.swift */,
				D52A99671AFB37C500DA0BF3 /* instructionScene.swift */,
				D52A99691AFB3EB900DA0BF3 /* scene.swift */,
				D56A419F1AD63E0C009CF423 /* GameViewController.swift */,
				D52A99731AFB493F00DA0BF3 /* GameScene2.swift */,
				D5AEC8851AF9F49900E86650 /* highestScore.swift */,
				D56A41A11AD63E0C009CF423 /* Main.storyboard */,
				D56A41A41AD63E0C009CF423 /* Images.xcassets */,
				D56A41A61AD63E0C009CF423 /* LaunchScreen.xib */,
				D56A41971AD63E0B009CF423 /* Supporting Files */,
			);
			path = RoadGame;
			sourceTree = "<group>";
		};
		D56A41971AD63E0B009CF423 /* Supporting Files */ = {
			isa = PBXGroup;
			children = (
				D56A41981AD63E0B009CF423 /* Info.plist */,
			);
			name = "Supporting Files";
			sourceTree = "<group>";
		};
		D56A41B01AD63E0C009CF423 /* RoadGameTests */ = {
			isa = PBXGroup;
			children = (
				D56A41B31AD63E0C009CF423 /* RoadGameTests.swift */,
				D56A41B11AD63E0C009CF423 /* Supporting Files */,
			);
			path = RoadGameTests;
			sourceTree = "<group>";
		};
		D56A41B11AD63E0C009CF423 /* Supporting Files */ = {
			isa = PBXGroup;
			children = (
				D56A41B21AD63E0C009CF423 /* Info.plist */,
			);
			name = "Supporting Files";
			sourceTree = "<group>";
		};
/* End PBXGroup section */

/* Begin PBXNativeTarget section */
		D56A41931AD63E0B009CF423 /* RoadGame */ = {
			isa = PBXNativeTarget;
			buildConfigurationList = D56A41B71AD63E0C009CF423 /* Build configuration list for PBXNativeTarget "RoadGame" */;
			buildPhases = (
				D56A41901AD63E0B009CF423 /* Sources */,
				D56A41911AD63E0B009CF423 /* Frameworks */,
				D56A41921AD63E0B009CF423 /* Resources */,
			);
			buildRules = (
			);
			dependencies = (
			);
			name = RoadGame;
			productName = RoadGame;
			productReference = D56A41941AD63E0B009CF423 /* RoadGame.app */;
			productType = "com.apple.product-type.application";
		};
		D56A41AC1AD63E0C009CF423 /* RoadGameTests */ = {
			isa = PBXNativeTarget;
			buildConfigurationList = D56A41BA1AD63E0C009CF423 /* Build configuration list for PBXNativeTarget "RoadGameTests" */;
			buildPhases = (
				D56A41A91AD63E0C009CF423 /* Sources */,
				D56A41AA1AD63E0C009CF423 /* Frameworks */,
				D56A41AB1AD63E0C009CF423 /* Resources */,
			);
			buildRules = (
			);
			dependencies = (
				D56A41AF1AD63E0C009CF423 /* PBXTargetDependency */,
			);
			name = RoadGameTests;
			productName = RoadGameTests;
			productReference = D56A41AD1AD63E0C009CF423 /* RoadGameTests.xctest */;
			productType = "com.apple.product-type.bundle.unit-test";
		};
/* End PBXNativeTarget section */

/* Begin PBXProject section */
		D56A418C1AD63E0B009CF423 /* Project object */ = {
			isa = PBXProject;
			attributes = {
				LastUpgradeCheck = 0610;
				ORGANIZATIONNAME = uics7;
				TargetAttributes = {
					D56A41931AD63E0B009CF423 = {
						CreatedOnToolsVersion = 6.1.1;
					};
					D56A41AC1AD63E0C009CF423 = {
						CreatedOnToolsVersion = 6.1.1;
						TestTargetID = D56A41931AD63E0B009CF423;
					};
				};
			};
			buildConfigurationList = D56A418F1AD63E0B009CF423 /* Build configuration list for PBXProject "RoadGame" */;
			compatibilityVersion = "Xcode 3.2";
			developmentRegion = English;
			hasScannedForEncodings = 0;
			knownRegions = (
				en,
				Base,
			);
			mainGroup = D56A418B1AD63E0B009CF423;
			productRefGroup = D56A41951AD63E0B009CF423 /* Products */;
			projectDirPath = "";
			projectRoot = "";
			targets = (
				D56A41931AD63E0B009CF423 /* RoadGame */,
				D56A41AC1AD63E0C009CF423 /* RoadGameTests */,
			);
		};
/* End PBXProject section */

/* Begin PBXResourcesBuildPhase section */
		D56A41921AD63E0B009CF423 /* Resources */ = {
			isa = PBXResourcesBuildPhase;
			buildActionMask = 2147483647;
			files = (
				D56A41A81AD63E0C009CF423 /* LaunchScreen.xib in Resources */,
				D5F7F0A81B003B06008DD6B3 /* applause.wav in Resources */,
				D542EFFC1AE78CC400C4D3CA /* play.png in Resources */,
				D5AEC8881AF9F7C800E86650 /* exit.jpg in Resources */,
				D52A99701AFB46BF00DA0BF3 /* enemyshuttle.png in Resources */,
				D542F7AC1AE853E3001BFD5A /* ememy.png in Resources */,
				D548175D1AE86C21008CD2D7 /* boom.m4a in Resources */,
				D542F0021AE78D1000C4D3CA /* nomusic.png in Resources */,
				D542F7AE1AE853F7001BFD5A /* car.png in Resources */,
				D542F7AA1AE8428C001BFD5A /* reload.png in Resources */,
				D56A41A51AD63E0C009CF423 /* Images.xcassets in Resources */,
				D51A28141AFBDC5300500F76 /* bg14.png in Resources */,
				D56A41C41AD6419E009CF423 /* bgmusic.mp3 in Resources */,
				D5F7F0A61AFFFC34008DD6B3 /* magicMyParticle.sks in Resources */,
				D51A28151AFBDC5300500F76 /* coinParticle.sks in Resources */,
				D542EFCD1ADD905700C4D3CA /* MyParticle.sks in Resources */,
				D542EFCE1ADD905700C4D3CA /* spark.png in Resources */,
				D56A419C1AD63E0B009CF423 /* GameScene.sks in Resources */,
				D5F7F0A41AFFFB06008DD6B3 /* starbounty.png in Resources */,
				D52A99661AFB365D00DA0BF3 /* logoCar.png in Resources */,
				D556A3921AE8ABA700B39F6E /* bounty1.png in Resources */,
				D52A99781AFB4D6F00DA0BF3 /* clink_sound.mp3 in Resources */,
				D5F7F0A21AFFF74B008DD6B3 /* space.png in Resources */,
				D542F0001AE78D1000C4D3CA /* pause.png in Resources */,
				D50CB6BC1AFB2A4500CA9558 /* gameStart.jpg in Resources */,
				D56A41A31AD63E0C009CF423 /* Main.storyboard in Resources */,
				D542F0011AE78D1000C4D3CA /* music.png in Resources */,
				D52A996C1AFB3FAB00DA0BF3 /* spaceShuttle.png in Resources */,
			);
			runOnlyForDeploymentPostprocessing = 0;
		};
		D56A41AB1AD63E0C009CF423 /* Resources */ = {
			isa = PBXResourcesBuildPhase;
			buildActionMask = 2147483647;
			files = (
			);
			runOnlyForDeploymentPostprocessing = 0;
		};
/* End PBXResourcesBuildPhase section */

/* Begin PBXSourcesBuildPhase section */
		D56A41901AD63E0B009CF423 /* Sources */ = {
			isa = PBXSourcesBuildPhase;
			buildActionMask = 2147483647;
			files = (
				D56A419E1AD63E0B009CF423 /* GameScene.swift in Sources */,
				D52A99681AFB37C500DA0BF3 /* instructionScene.swift in Sources */,
				D52A99741AFB493F00DA0BF3 /* GameScene2.swift in Sources */,
				D56A41A01AD63E0C009CF423 /* GameViewController.swift in Sources */,
				D51A28181AFBDC5300500F76 /* player.swift in Sources */,
				D52A996A1AFB3EB900DA0BF3 /* scene.swift in Sources */,
				D5AEC8861AF9F49900E86650 /* highestScore.swift in Sources */,
				D51A28161AFBDC5300500F76 /* homeScene.swift in Sources */,
				D56A419A1AD63E0B009CF423 /* AppDelegate.swift in Sources */,
			);
			runOnlyForDeploymentPostprocessing = 0;
		};
		D56A41A91AD63E0C009CF423 /* Sources */ = {
			isa = PBXSourcesBuildPhase;
			buildActionMask = 2147483647;
			files = (
				D56A41B41AD63E0C009CF423 /* RoadGameTests.swift in Sources */,
			);
			runOnlyForDeploymentPostprocessing = 0;
		};
/* End PBXSourcesBuildPhase section */

/* Begin PBXTargetDependency section */
		D56A41AF1AD63E0C009CF423 /* PBXTargetDependency */ = {
			isa = PBXTargetDependency;
			target = D56A41931AD63E0B009CF423 /* RoadGame */;
			targetProxy = D56A41AE1AD63E0C009CF423 /* PBXContainerItemProxy */;
		};
/* End PBXTargetDependency section */

/* Begin PBXVariantGroup section */
		D56A41A11AD63E0C009CF423 /* Main.storyboard */ = {
			isa = PBXVariantGroup;
			children = (
				D56A41A21AD63E0C009CF423 /* Base */,
			);
			name = Main.storyboard;
			sourceTree = "<group>";
		};
		D56A41A61AD63E0C009CF423 /* LaunchScreen.xib */ = {
			isa = PBXVariantGroup;
			children = (
				D56A41A71AD63E0C009CF423 /* Base */,
			);
			name = LaunchScreen.xib;
			sourceTree = "<group>";
		};
/* End PBXVariantGroup section */

/* Begin XCBuildConfiguration section */
		D56A41B51AD63E0C009CF423 /* Debug */ = {
			isa = XCBuildConfiguration;
			buildSettings = {
				ALWAYS_SEARCH_USER_PATHS = NO;
				CLANG_CXX_LANGUAGE_STANDARD = "gnu++0x";
				CLANG_CXX_LIBRARY = "libc++";
				CLANG_ENABLE_MODULES = YES;
				CLANG_ENABLE_OBJC_ARC = YES;
				CLANG_WARN_BOOL_CONVERSION = YES;
				CLANG_WARN_CONSTANT_CONVERSION = YES;
				CLANG_WARN_DIRECT_OBJC_ISA_USAGE = YES_ERROR;
				CLANG_WARN_EMPTY_BODY = YES;
				CLANG_WARN_ENUM_CONVERSION = YES;
				CLANG_WARN_INT_CONVERSION = YES;
				CLANG_WARN_OBJC_ROOT_CLASS = YES_ERROR;
				CLANG_WARN_UNREACHABLE_CODE = YES;
				CLANG_WARN__DUPLICATE_METHOD_MATCH = YES;
				"CODE_SIGN_IDENTITY[sdk=iphoneos*]" = "iPhone Developer";
				COPY_PHASE_STRIP = NO;
				ENABLE_STRICT_OBJC_MSGSEND = YES;
				GCC_C_LANGUAGE_STANDARD = gnu99;
				GCC_DYNAMIC_NO_PIC = NO;
				GCC_OPTIMIZATION_LEVEL = 0;
				GCC_PREPROCESSOR_DEFINITIONS = (
					"DEBUG=1",
					"$(inherited)",
				);
				GCC_SYMBOLS_PRIVATE_EXTERN = NO;
				GCC_WARN_64_TO_32_BIT_CONVERSION = YES;
				GCC_WARN_ABOUT_RETURN_TYPE = YES_ERROR;
				GCC_WARN_UNDECLARED_SELECTOR = YES;
				GCC_WARN_UNINITIALIZED_AUTOS = YES_AGGRESSIVE;
				GCC_WARN_UNUSED_FUNCTION = YES;
				GCC_WARN_UNUSED_VARIABLE = YES;
				IPHONEOS_DEPLOYMENT_TARGET = 8.1;
				MTL_ENABLE_DEBUG_INFO = YES;
				ONLY_ACTIVE_ARCH = YES;
				SDKROOT = iphoneos;
				SWIFT_OPTIMIZATION_LEVEL = "-Onone";
				TARGETED_DEVICE_FAMILY = "1,2";
			};
			name = Debug;
		};
		D56A41B61AD63E0C009CF423 /* Release */ = {
			isa = XCBuildConfiguration;
			buildSettings = {
				ALWAYS_SEARCH_USER_PATHS = NO;
				CLANG_CXX_LANGUAGE_STANDARD = "gnu++0x";
				CLANG_CXX_LIBRARY = "libc++";
				CLANG_ENABLE_MODULES = YES;
				CLANG_ENABLE_OBJC_ARC = YES;
				CLANG_WARN_BOOL_CONVERSION = YES;
				CLANG_WARN_CONSTANT_CONVERSION = YES;
				CLANG_WARN_DIRECT_OBJC_ISA_USAGE = YES_ERROR;
				CLANG_WARN_EMPTY_BODY = YES;
				CLANG_WARN_ENUM_CONVERSION = YES;
				CLANG_WARN_INT_CONVERSION = YES;
				CLANG_WARN_OBJC_ROOT_CLASS = YES_ERROR;
				CLANG_WARN_UNREACHABLE_CODE = YES;
				CLANG_WARN__DUPLICATE_METHOD_MATCH = YES;
				"CODE_SIGN_IDENTITY[sdk=iphoneos*]" = "iPhone Developer";
				COPY_PHASE_STRIP = YES;
				ENABLE_NS_ASSERTIONS = NO;
				ENABLE_STRICT_OBJC_MSGSEND = YES;
				GCC_C_LANGUAGE_STANDARD = gnu99;
				GCC_WARN_64_TO_32_BIT_CONVERSION = YES;
				GCC_WARN_ABOUT_RETURN_TYPE = YES_ERROR;
				GCC_WARN_UNDECLARED_SELECTOR = YES;
				GCC_WARN_UNINITIALIZED_AUTOS = YES_AGGRESSIVE;
				GCC_WARN_UNUSED_FUNCTION = YES;
				GCC_WARN_UNUSED_VARIABLE = YES;
				IPHONEOS_DEPLOYMENT_TARGET = 8.1;
				MTL_ENABLE_DEBUG_INFO = NO;
				SDKROOT = iphoneos;
				TARGETED_DEVICE_FAMILY = "1,2";
				VALIDATE_PRODUCT = YES;
			};
			name = Release;
		};
		D56A41B81AD63E0C009CF423 /* Debug */ = {
			isa = XCBuildConfiguration;
			buildSettings = {
				ASSETCATALOG_COMPILER_APPICON_NAME = AppIcon;
				INFOPLIST_FILE = RoadGame/Info.plist;
				LD_RUNPATH_SEARCH_PATHS = "$(inherited) @executable_path/Frameworks";
				PRODUCT_NAME = "$(TARGET_NAME)";
			};
			name = Debug;
		};
		D56A41B91AD63E0C009CF423 /* Release */ = {
			isa = XCBuildConfiguration;
			buildSettings = {
				ASSETCATALOG_COMPILER_APPICON_NAME = AppIcon;
				INFOPLIST_FILE = RoadGame/Info.plist;
				LD_RUNPATH_SEARCH_PATHS = "$(inherited) @executable_path/Frameworks";
				PRODUCT_NAME = "$(TARGET_NAME)";
			};
			name = Release;
		};
		D56A41BB1AD63E0C009CF423 /* Debug */ = {
			isa = XCBuildConfiguration;
			buildSettings = {
				BUNDLE_LOADER = "$(TEST_HOST)";
				FRAMEWORK_SEARCH_PATHS = (
					"$(SDKROOT)/Developer/Library/Frameworks",
					"$(inherited)",
				);
				GCC_PREPROCESSOR_DEFINITIONS = (
					"DEBUG=1",
					"$(inherited)",
				);
				INFOPLIST_FILE = RoadGameTests/Info.plist;
				LD_RUNPATH_SEARCH_PATHS = "$(inherited) @executable_path/Frameworks @loader_path/Frameworks";
				PRODUCT_NAME = "$(TARGET_NAME)";
				TEST_HOST = "$(BUILT_PRODUCTS_DIR)/RoadGame.app/RoadGame";
			};
			name = Debug;
		};
		D56A41BC1AD63E0C009CF423 /* Release */ = {
			isa = XCBuildConfiguration;
			buildSettings = {
				BUNDLE_LOADER = "$(TEST_HOST)";
				FRAMEWORK_SEARCH_PATHS = (
					"$(SDKROOT)/Developer/Library/Frameworks",
					"$(inherited)",
				);
				INFOPLIST_FILE = RoadGameTests/Info.plist;
				LD_RUNPATH_SEARCH_PATHS = "$(inherited) @executable_path/Frameworks @loader_path/Frameworks";
				PRODUCT_NAME = "$(TARGET_NAME)";
				TEST_HOST = "$(BUILT_PRODUCTS_DIR)/RoadGame.app/RoadGame";
			};
			name = Release;
		};
/* End XCBuildConfiguration section */

/* Begin XCConfigurationList section */
		D56A418F1AD63E0B009CF423 /* Build configuration list for PBXProject "RoadGame" */ = {
			isa = XCConfigurationList;
			buildConfigurations = (
				D56A41B51AD63E0C009CF423 /* Debug */,
				D56A41B61AD63E0C009CF423 /* Release */,
			);
			defaultConfigurationIsVisible = 0;
			defaultConfigurationName = Release;
		};
		D56A41B71AD63E0C009CF423 /* Build configuration list for PBXNativeTarget "RoadGame" */ = {
			isa = XCConfigurationList;
			buildConfigurations = (
				D56A41B81AD63E0C009CF423 /* Debug */,
				D56A41B91AD63E0C009CF423 /* Release */,
			);
			defaultConfigurationIsVisible = 0;
			defaultConfigurationName = Release;
		};
		D56A41BA1AD63E0C009CF423 /* Build configuration list for PBXNativeTarget "RoadGameTests" */ = {
			isa = XCConfigurationList;
			buildConfigurations = (
				D56A41BB1AD63E0C009CF423 /* Debug */,
				D56A41BC1AD63E0C009CF423 /* Release */,
			);
			defaultConfigurationIsVisible = 0;
			defaultConfigurationName = Release;
		};
/* End XCConfigurationList section */
	};
	rootObject = D56A418C1AD63E0B009CF423 /* Project object */;
}
